
Microsoft Visual Studio Solution File, Format Version 12.00
# Visual Studio 15
VisualStudioVersion = 15.0.27703.2035
MinimumVisualStudioVersion = 10.0.40219.1
Project("{FAE04EC0-301F-11D3-BF4B-00C04F79EFBC}") = "MNISTExtractor", "MNISTExtractor.csproj", "{783AABA1-400D-40CA-A699-3EA003A8B4A6}"
EndProject
Global
	GlobalSection(SolutionConfigurationPlatforms) = preSolution
		Debug|Any CPU = Debug|Any CPU
		Release|Any CPU = Release|Any CPU
	EndGlobalSection
	GlobalSection(ProjectConfigurationPlatforms) = postSolution
		{783AABA1-400D-40CA-A699-3EA003A8B4A6}.Debug|Any CPU.ActiveCfg = Debug|Any CPU
		{783AABA1-400D-40CA-A699-3EA003A8B4A6}.Debug|Any CPU.Build.0 = Debug|Any CPU
		{783AABA1-400D-40CA-A699-3EA003A8B4A6}.Release|Any CPU.ActiveCfg = Release|Any CPU
		{783AABA1-400D-40CA-A699-3EA003A8B4A6}.Release|Any CPU.Build.0 = Release|Any CPU
	EndGlobalSection
	GlobalSection(SolutionProperties) = preSolution
		HideSolutionNode = FALSE
	EndGlobalSection
	GlobalSection(ExtensibilityGlobals) = postSolution
		SolutionGuid = {B1119D67-28B7-4BC1-9315-7BDC0E21D122}
	EndGlobalSection
EndGlobal
